// !$*UTF8*$!
{
	archiveVersion = 1;
	classes = {
	};
	objectVersion = 56;
	objects = {

/* Begin PBXBuildFile section */
		21AE51F72BECC62F00807EEE /* SnackOverFLow.swift in Sources */ = {isa = PBXBuildFile; fileRef = 21AE51F62BECC62F00807EEE /* SnackOverFLow.swift */; };
		21AE51F92BECC62F00807EEE /* ContentView.swift in Sources */ = {isa = PBXBuildFile; fileRef = 21AE51F82BECC62F00807EEE /* ContentView.swift */; };
		21AE51FB2BECC63000807EEE /* Assets.xcassets in Resources */ = {isa = PBXBuildFile; fileRef = 21AE51FA2BECC63000807EEE /* Assets.xcassets */; };
		21AE51FE2BECC63000807EEE /* Preview Assets.xcassets in Resources */ = {isa = PBXBuildFile; fileRef = 21AE51FD2BECC63000807EEE /* Preview Assets.xcassets */; };
		21AE520A2BECC7EE00807EEE /* WelcomeView.swift in Sources */ = {isa = PBXBuildFile; fileRef = 21AE52092BECC7EE00807EEE /* WelcomeView.swift */; };
		21AE520C2BECC93500807EEE /* Colors.xcassets in Resources */ = {isa = PBXBuildFile; fileRef = 21AE520B2BECC93500807EEE /* Colors.xcassets */; };
		21AE520E2BECC96300807EEE /* Images.xcassets in Resources */ = {isa = PBXBuildFile; fileRef = 21AE520D2BECC96300807EEE /* Images.xcassets */; };
		21AE52132BECCBB400807EEE /* Images.swift in Sources */ = {isa = PBXBuildFile; fileRef = 21AE52122BECCBB400807EEE /* Images.swift */; };
		21AE52172BECCED200807EEE /* Colors.swift in Sources */ = {isa = PBXBuildFile; fileRef = 21AE52162BECCED200807EEE /* Colors.swift */; };
		21AE52192BECD2E000807EEE /* Icons.swift in Sources */ = {isa = PBXBuildFile; fileRef = 21AE52182BECD2E000807EEE /* Icons.swift */; };
		21AE521E2BECDA6700807EEE /* FacebookButton.swift in Sources */ = {isa = PBXBuildFile; fileRef = 21AE521D2BECDA6700807EEE /* FacebookButton.swift */; };
		21AE52202BECDB9500807EEE /* EdgeInsets.swift in Sources */ = {isa = PBXBuildFile; fileRef = 21AE521F2BECDB9500807EEE /* EdgeInsets.swift */; };
		21AE52232BECE61200807EEE /* Localizable.xcstrings in Resources */ = {isa = PBXBuildFile; fileRef = 21AE52222BECE61200807EEE /* Localizable.xcstrings */; };
		21AE52252BECE6F300807EEE /* LocaleKeys.swift in Sources */ = {isa = PBXBuildFile; fileRef = 21AE52242BECE6F300807EEE /* LocaleKeys.swift */; };
		21AE52272BECEAC500807EEE /* GoogleButton.swift in Sources */ = {isa = PBXBuildFile; fileRef = 21AE52262BECEAC500807EEE /* GoogleButton.swift */; };
		21AE522B2BECEBD200807EEE /* Custom+EdgeInsets.swift in Sources */ = {isa = PBXBuildFile; fileRef = 21AE522A2BECEBD200807EEE /* Custom+EdgeInsets.swift */; };
		21AE522D2BECEC3D00807EEE /* PagePadding.swift in Sources */ = {isa = PBXBuildFile; fileRef = 21AE522C2BECEC3D00807EEE /* PagePadding.swift */; };
		21AE522F2BECEDE200807EEE /* Radius.swift in Sources */ = {isa = PBXBuildFile; fileRef = 21AE522E2BECEDE200807EEE /* Radius.swift */; };
		21AE52312BECF54500807EEE /* AppleButton.swift in Sources */ = {isa = PBXBuildFile; fileRef = 21AE52302BECF54500807EEE /* AppleButton.swift */; };
		21AE52342BECFA4D00807EEE /* ViewSize.swift in Sources */ = {isa = PBXBuildFile; fileRef = 21AE52332BECFA4D00807EEE /* ViewSize.swift */; };
		21AE52362BECFAC900807EEE /* EmailButton.swift in Sources */ = {isa = PBXBuildFile; fileRef = 21AE52352BECFAC900807EEE /* EmailButton.swift */; };
		21AE52392BECFBFA00807EEE /* FontSizes.swift in Sources */ = {isa = PBXBuildFile; fileRef = 21AE52382BECFBFA00807EEE /* FontSizes.swift */; };
		21AE523B2BECFE9800807EEE /* DynamicSize+GeometryProxy.swift in Sources */ = {isa = PBXBuildFile; fileRef = 21AE523A2BECFE9800807EEE /* DynamicSize+GeometryProxy.swift */; };
/* End PBXBuildFile section */

/* Begin PBXFileReference section */
		21AE51F32BECC62F00807EEE /* snackoverflow.app */ = {isa = PBXFileReference; explicitFileType = wrapper.application; includeInIndex = 0; path = snackoverflow.app; sourceTree = BUILT_PRODUCTS_DIR; };
		21AE51F62BECC62F00807EEE /* SnackOverFLow.swift */ = {isa = PBXFileReference; lastKnownFileType = sourcecode.swift; path = SnackOverFLow.swift; sourceTree = "<group>"; };
		21AE51F82BECC62F00807EEE /* ContentView.swift */ = {isa = PBXFileReference; lastKnownFileType = sourcecode.swift; path = ContentView.swift; sourceTree = "<group>"; };
		21AE51FA2BECC63000807EEE /* Assets.xcassets */ = {isa = PBXFileReference; lastKnownFileType = folder.assetcatalog; path = Assets.xcassets; sourceTree = "<group>"; };
		21AE51FD2BECC63000807EEE /* Preview Assets.xcassets */ = {isa = PBXFileReference; lastKnownFileType = folder.assetcatalog; path = "Preview Assets.xcassets"; sourceTree = "<group>"; };
		21AE52092BECC7EE00807EEE /* WelcomeView.swift */ = {isa = PBXFileReference; lastKnownFileType = sourcecode.swift; path = WelcomeView.swift; sourceTree = "<group>"; };
		21AE520B2BECC93500807EEE /* Colors.xcassets */ = {isa = PBXFileReference; lastKnownFileType = folder.assetcatalog; path = Colors.xcassets; sourceTree = "<group>"; };
		21AE520D2BECC96300807EEE /* Images.xcassets */ = {isa = PBXFileReference; lastKnownFileType = folder.assetcatalog; path = Images.xcassets; sourceTree = "<group>"; };
		21AE52122BECCBB400807EEE /* Images.swift */ = {isa = PBXFileReference; lastKnownFileType = sourcecode.swift; path = Images.swift; sourceTree = "<group>"; };
		21AE52162BECCED200807EEE /* Colors.swift */ = {isa = PBXFileReference; lastKnownFileType = sourcecode.swift; path = Colors.swift; sourceTree = "<group>"; };
		21AE52182BECD2E000807EEE /* Icons.swift */ = {isa = PBXFileReference; lastKnownFileType = sourcecode.swift; path = Icons.swift; sourceTree = "<group>"; };
		21AE521D2BECDA6700807EEE /* FacebookButton.swift */ = {isa = PBXFileReference; lastKnownFileType = sourcecode.swift; path = FacebookButton.swift; sourceTree = "<group>"; };
		21AE521F2BECDB9500807EEE /* EdgeInsets.swift */ = {isa = PBXFileReference; lastKnownFileType = sourcecode.swift; path = EdgeInsets.swift; sourceTree = "<group>"; };
		21AE52222BECE61200807EEE /* Localizable.xcstrings */ = {isa = PBXFileReference; lastKnownFileType = text.json.xcstrings; path = Localizable.xcstrings; sourceTree = "<group>"; };
		21AE52242BECE6F300807EEE /* LocaleKeys.swift */ = {isa = PBXFileReference; lastKnownFileType = sourcecode.swift; path = LocaleKeys.swift; sourceTree = "<group>"; };
		21AE52262BECEAC500807EEE /* GoogleButton.swift */ = {isa = PBXFileReference; lastKnownFileType = sourcecode.swift; path = GoogleButton.swift; sourceTree = "<group>"; };
		21AE522A2BECEBD200807EEE /* Custom+EdgeInsets.swift */ = {isa = PBXFileReference; lastKnownFileType = sourcecode.swift; path = "Custom+EdgeInsets.swift"; sourceTree = "<group>"; };
		21AE522C2BECEC3D00807EEE /* PagePadding.swift */ = {isa = PBXFileReference; lastKnownFileType = sourcecode.swift; path = PagePadding.swift; sourceTree = "<group>"; };
		21AE522E2BECEDE200807EEE /* Radius.swift */ = {isa = PBXFileReference; lastKnownFileType = sourcecode.swift; path = Radius.swift; sourceTree = "<group>"; };
		21AE52302BECF54500807EEE /* AppleButton.swift */ = {isa = PBXFileReference; lastKnownFileType = sourcecode.swift; path = AppleButton.swift; sourceTree = "<group>"; };
		21AE52332BECFA4D00807EEE /* ViewSize.swift */ = {isa = PBXFileReference; lastKnownFileType = sourcecode.swift; path = ViewSize.swift; sourceTree = "<group>"; };
		21AE52352BECFAC900807EEE /* EmailButton.swift */ = {isa = PBXFileReference; lastKnownFileType = sourcecode.swift; path = EmailButton.swift; sourceTree = "<group>"; };
		21AE52382BECFBFA00807EEE /* FontSizes.swift */ = {isa = PBXFileReference; lastKnownFileType = sourcecode.swift; path = FontSizes.swift; sourceTree = "<group>"; };
		21AE523A2BECFE9800807EEE /* DynamicSize+GeometryProxy.swift */ = {isa = PBXFileReference; lastKnownFileType = sourcecode.swift; path = "DynamicSize+GeometryProxy.swift"; sourceTree = "<group>"; };
/* End PBXFileReference section */

/* Begin PBXFrameworksBuildPhase section */
		21AE51F02BECC62F00807EEE /* Frameworks */ = {
			isa = PBXFrameworksBuildPhase;
			buildActionMask = 2147483647;
			files = (
			);
			runOnlyForDeploymentPostprocessing = 0;
		};
/* End PBXFrameworksBuildPhase section */

/* Begin PBXGroup section */
		21AE51EA2BECC62F00807EEE = {
			isa = PBXGroup;
			children = (
				21AE51F52BECC62F00807EEE /* snackoverflow */,
				21AE51F42BECC62F00807EEE /* Products */,
			);
			sourceTree = "<group>";
		};
		21AE51F42BECC62F00807EEE /* Products */ = {
			isa = PBXGroup;
			children = (
				21AE51F32BECC62F00807EEE /* snackoverflow.app */,
			);
			name = Products;
			sourceTree = "<group>";
		};
		21AE51F52BECC62F00807EEE /* snackoverflow */ = {
			isa = PBXGroup;
			children = (
				21AE521A2BECDA5200807EEE /* Product */,
				21AE52062BECC77700807EEE /* Feature */,
				21AE52052BECC76D00807EEE /* Resources */,
				21AE52042BECC76700807EEE /* Utils */,
				21AE51F62BECC62F00807EEE /* SnackOverFLow.swift */,
				21AE51F82BECC62F00807EEE /* ContentView.swift */,
				21AE51FC2BECC63000807EEE /* Preview Content */,
			);
			path = snackoverflow;
			sourceTree = "<group>";
		};
		21AE51FC2BECC63000807EEE /* Preview Content */ = {
			isa = PBXGroup;
			children = (
				21AE51FD2BECC63000807EEE /* Preview Assets.xcassets */,
			);
			path = "Preview Content";
			sourceTree = "<group>";
		};
		21AE52042BECC76700807EEE /* Utils */ = {
			isa = PBXGroup;
			children = (
				21AE52372BECFBE700807EEE /* Fonts */,
				21AE52212BECE5F300807EEE /* Locale */,
				21AE52142BECCE9600807EEE /* Extension */,
				21AE52102BECCBA400807EEE /* Enums */,
			);
			path = Utils;
			sourceTree = "<group>";
		};
		21AE52052BECC76D00807EEE /* Resources */ = {
			isa = PBXGroup;
			children = (
				21AE520F2BECC98F00807EEE /* Assets */,
			);
			path = Resources;
			sourceTree = "<group>";
		};
		21AE52062BECC77700807EEE /* Feature */ = {
			isa = PBXGroup;
			children = (
				21AE52072BECC7A100807EEE /* Authentication */,
			);
			path = Feature;
			sourceTree = "<group>";
		};
		21AE52072BECC7A100807EEE /* Authentication */ = {
			isa = PBXGroup;
			children = (
				21AE52082BECC7BA00807EEE /* Welcome */,
			);
			path = Authentication;
			sourceTree = "<group>";
		};
		21AE52082BECC7BA00807EEE /* Welcome */ = {
			isa = PBXGroup;
			children = (
				21AE52092BECC7EE00807EEE /* WelcomeView.swift */,
			);
			path = Welcome;
			sourceTree = "<group>";
		};
		21AE520F2BECC98F00807EEE /* Assets */ = {
			isa = PBXGroup;
			children = (
				21AE51FA2BECC63000807EEE /* Assets.xcassets */,
				21AE520B2BECC93500807EEE /* Colors.xcassets */,
				21AE520D2BECC96300807EEE /* Images.xcassets */,
			);
			path = Assets;
			sourceTree = "<group>";
		};
		21AE52102BECCBA400807EEE /* Enums */ = {
			isa = PBXGroup;
			children = (
				21AE52322BECFA3C00807EEE /* Size */,
				21AE52122BECCBB400807EEE /* Images.swift */,
				21AE52182BECD2E000807EEE /* Icons.swift */,
				21AE522C2BECEC3D00807EEE /* PagePadding.swift */,
				21AE522E2BECEDE200807EEE /* Radius.swift */,
			);
			path = Enums;
			sourceTree = "<group>";
		};
		21AE52142BECCE9600807EEE /* Extension */ = {
			isa = PBXGroup;
			children = (
				21AE52162BECCED200807EEE /* Colors.swift */,
				21AE521F2BECDB9500807EEE /* EdgeInsets.swift */,
				21AE522A2BECEBD200807EEE /* Custom+EdgeInsets.swift */,
				21AE523A2BECFE9800807EEE /* DynamicSize+GeometryProxy.swift */,
			);
			path = Extension;
			sourceTree = "<group>";
		};
		21AE521A2BECDA5200807EEE /* Product */ = {
			isa = PBXGroup;
			children = (
				21AE521B2BECDA5800807EEE /* Widget */,
			);
			path = Product;
			sourceTree = "<group>";
		};
		21AE521B2BECDA5800807EEE /* Widget */ = {
			isa = PBXGroup;
			children = (
				21AE521C2BECDA5E00807EEE /* Button */,
			);
			path = Widget;
			sourceTree = "<group>";
		};
		21AE521C2BECDA5E00807EEE /* Button */ = {
			isa = PBXGroup;
			children = (
				21AE521D2BECDA6700807EEE /* FacebookButton.swift */,
				21AE52262BECEAC500807EEE /* GoogleButton.swift */,
				21AE52302BECF54500807EEE /* AppleButton.swift */,
				21AE52352BECFAC900807EEE /* EmailButton.swift */,
			);
			path = Button;
			sourceTree = "<group>";
		};
		21AE52212BECE5F300807EEE /* Locale */ = {
			isa = PBXGroup;
			children = (
				21AE52222BECE61200807EEE /* Localizable.xcstrings */,
				21AE52242BECE6F300807EEE /* LocaleKeys.swift */,
			);
			path = Locale;
			sourceTree = "<group>";
		};
		21AE52322BECFA3C00807EEE /* Size */ = {
			isa = PBXGroup;
			children = (
				21AE52332BECFA4D00807EEE /* ViewSize.swift */,
			);
			path = Size;
			sourceTree = "<group>";
		};
		21AE52372BECFBE700807EEE /* Fonts */ = {
			isa = PBXGroup;
			children = (
				21AE52382BECFBFA00807EEE /* FontSizes.swift */,
			);
			path = Fonts;
			sourceTree = "<group>";
		};
/* End PBXGroup section */

/* Begin PBXNativeTarget section */
		21AE51F22BECC62F00807EEE /* snackoverflow */ = {
			isa = PBXNativeTarget;
			buildConfigurationList = 21AE52012BECC63000807EEE /* Build configuration list for PBXNativeTarget "snackoverflow" */;
			buildPhases = (
				21AE51EF2BECC62F00807EEE /* Sources */,
				21AE51F02BECC62F00807EEE /* Frameworks */,
				21AE51F12BECC62F00807EEE /* Resources */,
			);
			buildRules = (
			);
			dependencies = (
			);
			name = snackoverflow;
			productName = snackoverflow;
			productReference = 21AE51F32BECC62F00807EEE /* snackoverflow.app */;
			productType = "com.apple.product-type.application";
		};
/* End PBXNativeTarget section */

/* Begin PBXProject section */
		21AE51EB2BECC62F00807EEE /* Project object */ = {
			isa = PBXProject;
			attributes = {
				BuildIndependentTargetsInParallel = 1;
				LastSwiftUpdateCheck = 1500;
				LastUpgradeCheck = 1500;
				TargetAttributes = {
					21AE51F22BECC62F00807EEE = {
						CreatedOnToolsVersion = 15.0.1;
					};
				};
			};
			buildConfigurationList = 21AE51EE2BECC62F00807EEE /* Build configuration list for PBXProject "snackoverflow" */;
			compatibilityVersion = "Xcode 14.0";
			developmentRegion = en;
			hasScannedForEncodings = 0;
			knownRegions = (
				en,
				Base,
			);
			mainGroup = 21AE51EA2BECC62F00807EEE;
			productRefGroup = 21AE51F42BECC62F00807EEE /* Products */;
			projectDirPath = "";
			projectRoot = "";
			targets = (
				21AE51F22BECC62F00807EEE /* snackoverflow */,
			);
		};
/* End PBXProject section */

/* Begin PBXResourcesBuildPhase section */
		21AE51F12BECC62F00807EEE /* Resources */ = {
			isa = PBXResourcesBuildPhase;
			buildActionMask = 2147483647;
			files = (
				21AE51FE2BECC63000807EEE /* Preview Assets.xcassets in Resources */,
				21AE52232BECE61200807EEE /* Localizable.xcstrings in Resources */,
				21AE520E2BECC96300807EEE /* Images.xcassets in Resources */,
				21AE51FB2BECC63000807EEE /* Assets.xcassets in Resources */,
				21AE520C2BECC93500807EEE /* Colors.xcassets in Resources */,
			);
			runOnlyForDeploymentPostprocessing = 0;
		};
/* End PBXResourcesBuildPhase section */

/* Begin PBXSourcesBuildPhase section */
		21AE51EF2BECC62F00807EEE /* Sources */ = {
			isa = PBXSourcesBuildPhase;
			buildActionMask = 2147483647;
			files = (
				21AE52362BECFAC900807EEE /* EmailButton.swift in Sources */,
				21AE52252BECE6F300807EEE /* LocaleKeys.swift in Sources */,
				21AE51F92BECC62F00807EEE /* ContentView.swift in Sources */,
				21AE52172BECCED200807EEE /* Colors.swift in Sources */,
				21AE522B2BECEBD200807EEE /* Custom+EdgeInsets.swift in Sources */,
				21AE52192BECD2E000807EEE /* Icons.swift in Sources */,
				21AE52272BECEAC500807EEE /* GoogleButton.swift in Sources */,
				21AE52312BECF54500807EEE /* AppleButton.swift in Sources */,
				21AE521E2BECDA6700807EEE /* FacebookButton.swift in Sources */,
				21AE522F2BECEDE200807EEE /* Radius.swift in Sources */,
				21AE52132BECCBB400807EEE /* Images.swift in Sources */,
				21AE52342BECFA4D00807EEE /* ViewSize.swift in Sources */,
				21AE52392BECFBFA00807EEE /* FontSizes.swift in Sources */,
				21AE522D2BECEC3D00807EEE /* PagePadding.swift in Sources */,
				21AE520A2BECC7EE00807EEE /* WelcomeView.swift in Sources */,
				21AE52202BECDB9500807EEE /* EdgeInsets.swift in Sources */,
				21AE51F72BECC62F00807EEE /* SnackOverFLow.swift in Sources */,
				21AE523B2BECFE9800807EEE /* DynamicSize+GeometryProxy.swift in Sources */,
			);
			runOnlyForDeploymentPostprocessing = 0;
		};
/* End PBXSourcesBuildPhase section */

/* Begin XCBuildConfiguration section */
		21AE51FF2BECC63000807EEE /* Debug */ = {
			isa = XCBuildConfiguration;
			buildSettings = {
				ALWAYS_SEARCH_USER_PATHS = NO;
				ASSETCATALOG_COMPILER_GENERATE_SWIFT_ASSET_SYMBOL_EXTENSIONS = YES;
				CLANG_ANALYZER_NONNULL = YES;
				CLANG_ANALYZER_NUMBER_OBJECT_CONVERSION = YES_AGGRESSIVE;
				CLANG_CXX_LANGUAGE_STANDARD = "gnu++20";
				CLANG_ENABLE_MODULES = YES;
				CLANG_ENABLE_OBJC_ARC = YES;
				CLANG_ENABLE_OBJC_WEAK = YES;
				CLANG_WARN_BLOCK_CAPTURE_AUTORELEASING = YES;
				CLANG_WARN_BOOL_CONVERSION = YES;
				CLANG_WARN_COMMA = YES;
				CLANG_WARN_CONSTANT_CONVERSION = YES;
				CLANG_WARN_DEPRECATED_OBJC_IMPLEMENTATIONS = YES;
				CLANG_WARN_DIRECT_OBJC_ISA_USAGE = YES_ERROR;
				CLANG_WARN_DOCUMENTATION_COMMENTS = YES;
				CLANG_WARN_EMPTY_BODY = YES;
				CLANG_WARN_ENUM_CONVERSION = YES;
				CLANG_WARN_INFINITE_RECURSION = YES;
				CLANG_WARN_INT_CONVERSION = YES;
				CLANG_WARN_NON_LITERAL_NULL_CONVERSION = YES;
				CLANG_WARN_OBJC_IMPLICIT_RETAIN_SELF = YES;
				CLANG_WARN_OBJC_LITERAL_CONVERSION = YES;
				CLANG_WARN_OBJC_ROOT_CLASS = YES_ERROR;
				CLANG_WARN_QUOTED_INCLUDE_IN_FRAMEWORK_HEADER = YES;
				CLANG_WARN_RANGE_LOOP_ANALYSIS = YES;
				CLANG_WARN_STRICT_PROTOTYPES = YES;
				CLANG_WARN_SUSPICIOUS_MOVE = YES;
				CLANG_WARN_UNGUARDED_AVAILABILITY = YES_AGGRESSIVE;
				CLANG_WARN_UNREACHABLE_CODE = YES;
				CLANG_WARN__DUPLICATE_METHOD_MATCH = YES;
				COPY_PHASE_STRIP = NO;
				DEBUG_INFORMATION_FORMAT = dwarf;
				ENABLE_STRICT_OBJC_MSGSEND = YES;
				ENABLE_TESTABILITY = YES;
				ENABLE_USER_SCRIPT_SANDBOXING = YES;
				GCC_C_LANGUAGE_STANDARD = gnu17;
				GCC_DYNAMIC_NO_PIC = NO;
				GCC_NO_COMMON_BLOCKS = YES;
				GCC_OPTIMIZATION_LEVEL = 0;
				GCC_PREPROCESSOR_DEFINITIONS = (
					"DEBUG=1",
					"$(inherited)",
				);
				GCC_WARN_64_TO_32_BIT_CONVERSION = YES;
				GCC_WARN_ABOUT_RETURN_TYPE = YES_ERROR;
				GCC_WARN_UNDECLARED_SELECTOR = YES;
				GCC_WARN_UNINITIALIZED_AUTOS = YES_AGGRESSIVE;
				GCC_WARN_UNUSED_FUNCTION = YES;
				GCC_WARN_UNUSED_VARIABLE = YES;
				IPHONEOS_DEPLOYMENT_TARGET = 17.0;
				LOCALIZATION_PREFERS_STRING_CATALOGS = YES;
				MTL_ENABLE_DEBUG_INFO = INCLUDE_SOURCE;
				MTL_FAST_MATH = YES;
				ONLY_ACTIVE_ARCH = YES;
				SDKROOT = iphoneos;
				SWIFT_ACTIVE_COMPILATION_CONDITIONS = "DEBUG $(inherited)";
				SWIFT_OPTIMIZATION_LEVEL = "-Onone";
			};
			name = Debug;
		};
		21AE52002BECC63000807EEE /* Release */ = {
			isa = XCBuildConfiguration;
			buildSettings = {
				ALWAYS_SEARCH_USER_PATHS = NO;
				ASSETCATALOG_COMPILER_GENERATE_SWIFT_ASSET_SYMBOL_EXTENSIONS = YES;
				CLANG_ANALYZER_NONNULL = YES;
				CLANG_ANALYZER_NUMBER_OBJECT_CONVERSION = YES_AGGRESSIVE;
				CLANG_CXX_LANGUAGE_STANDARD = "gnu++20";
				CLANG_ENABLE_MODULES = YES;
				CLANG_ENABLE_OBJC_ARC = YES;
				CLANG_ENABLE_OBJC_WEAK = YES;
				CLANG_WARN_BLOCK_CAPTURE_AUTORELEASING = YES;
				CLANG_WARN_BOOL_CONVERSION = YES;
				CLANG_WARN_COMMA = YES;
				CLANG_WARN_CONSTANT_CONVERSION = YES;
				CLANG_WARN_DEPRECATED_OBJC_IMPLEMENTATIONS = YES;
				CLANG_WARN_DIRECT_OBJC_ISA_USAGE = YES_ERROR;
				CLANG_WARN_DOCUMENTATION_COMMENTS = YES;
				CLANG_WARN_EMPTY_BODY = YES;
				CLANG_WARN_ENUM_CONVERSION = YES;
				CLANG_WARN_INFINITE_RECURSION = YES;
				CLANG_WARN_INT_CONVERSION = YES;
				CLANG_WARN_NON_LITERAL_NULL_CONVERSION = YES;
				CLANG_WARN_OBJC_IMPLICIT_RETAIN_SELF = YES;
				CLANG_WARN_OBJC_LITERAL_CONVERSION = YES;
				CLANG_WARN_OBJC_ROOT_CLASS = YES_ERROR;
				CLANG_WARN_QUOTED_INCLUDE_IN_FRAMEWORK_HEADER = YES;
				CLANG_WARN_RANGE_LOOP_ANALYSIS = YES;
				CLANG_WARN_STRICT_PROTOTYPES = YES;
				CLANG_WARN_SUSPICIOUS_MOVE = YES;
				CLANG_WARN_UNGUARDED_AVAILABILITY = YES_AGGRESSIVE;
				CLANG_WARN_UNREACHABLE_CODE = YES;
				CLANG_WARN__DUPLICATE_METHOD_MATCH = YES;
				COPY_PHASE_STRIP = NO;
				DEBUG_INFORMATION_FORMAT = "dwarf-with-dsym";
				ENABLE_NS_ASSERTIONS = NO;
				ENABLE_STRICT_OBJC_MSGSEND = YES;
				ENABLE_USER_SCRIPT_SANDBOXING = YES;
				GCC_C_LANGUAGE_STANDARD = gnu17;
				GCC_NO_COMMON_BLOCKS = YES;
				GCC_WARN_64_TO_32_BIT_CONVERSION = YES;
				GCC_WARN_ABOUT_RETURN_TYPE = YES_ERROR;
				GCC_WARN_UNDECLARED_SELECTOR = YES;
				GCC_WARN_UNINITIALIZED_AUTOS = YES_AGGRESSIVE;
				GCC_WARN_UNUSED_FUNCTION = YES;
				GCC_WARN_UNUSED_VARIABLE = YES;
				IPHONEOS_DEPLOYMENT_TARGET = 17.0;
				LOCALIZATION_PREFERS_STRING_CATALOGS = YES;
				MTL_ENABLE_DEBUG_INFO = NO;
				MTL_FAST_MATH = YES;
				SDKROOT = iphoneos;
				SWIFT_COMPILATION_MODE = wholemodule;
				VALIDATE_PRODUCT = YES;
			};
			name = Release;
		};
		21AE52022BECC63000807EEE /* Debug */ = {
			isa = XCBuildConfiguration;
			buildSettings = {
				ASSETCATALOG_COMPILER_APPICON_NAME = AppIcon;
				ASSETCATALOG_COMPILER_GLOBAL_ACCENT_COLOR_NAME = AccentColor;
				CODE_SIGN_STYLE = Automatic;
				CURRENT_PROJECT_VERSION = 1;
				DEVELOPMENT_ASSET_PATHS = "\"snackoverflow/Preview Content\"";
				DEVELOPMENT_TEAM = 743VDKQNVW;
				ENABLE_PREVIEWS = YES;
				GENERATE_INFOPLIST_FILE = YES;
				INFOPLIST_KEY_UIApplicationSceneManifest_Generation = YES;
				INFOPLIST_KEY_UIApplicationSupportsIndirectInputEvents = YES;
				INFOPLIST_KEY_UILaunchScreen_Generation = YES;
				INFOPLIST_KEY_UISupportedInterfaceOrientations_iPad = "UIInterfaceOrientationPortrait UIInterfaceOrientationPortraitUpsideDown UIInterfaceOrientationLandscapeLeft UIInterfaceOrientationLandscapeRight";
				INFOPLIST_KEY_UISupportedInterfaceOrientations_iPhone = "UIInterfaceOrientationPortrait UIInterfaceOrientationLandscapeLeft UIInterfaceOrientationLandscapeRight";
				LD_RUNPATH_SEARCH_PATHS = (
					"$(inherited)",
					"@executable_path/Frameworks",
				);
				MARKETING_VERSION = 1.0;
				PRODUCT_BUNDLE_IDENTIFIER = com.ozi.snackoverflow;
				PRODUCT_NAME = "$(TARGET_NAME)";
				SWIFT_EMIT_LOC_STRINGS = YES;
				SWIFT_VERSION = 5.0;
				TARGETED_DEVICE_FAMILY = "1,2";
			};
			name = Debug;
		};
		21AE52032BECC63000807EEE /* Release */ = {
			isa = XCBuildConfiguration;
			buildSettings = {
				ASSETCATALOG_COMPILER_APPICON_NAME = AppIcon;
				ASSETCATALOG_COMPILER_GLOBAL_ACCENT_COLOR_NAME = AccentColor;
				CODE_SIGN_STYLE = Automatic;
				CURRENT_PROJECT_VERSION = 1;
				DEVELOPMENT_ASSET_PATHS = "\"snackoverflow/Preview Content\"";
				DEVELOPMENT_TEAM = 743VDKQNVW;
				ENABLE_PREVIEWS = YES;
				GENERATE_INFOPLIST_FILE = YES;
				INFOPLIST_KEY_UIApplicationSceneManifest_Generation = YES;
				INFOPLIST_KEY_UIApplicationSupportsIndirectInputEvents = YES;
				INFOPLIST_KEY_UILaunchScreen_Generation = YES;
				INFOPLIST_KEY_UISupportedInterfaceOrientations_iPad = "UIInterfaceOrientationPortrait UIInterfaceOrientationPortraitUpsideDown UIInterfaceOrientationLandscapeLeft UIInterfaceOrientationLandscapeRight";
				INFOPLIST_KEY_UISupportedInterfaceOrientations_iPhone = "UIInterfaceOrientationPortrait UIInterfaceOrientationLandscapeLeft UIInterfaceOrientationLandscapeRight";
				LD_RUNPATH_SEARCH_PATHS = (
					"$(inherited)",
					"@executable_path/Frameworks",
				);
				MARKETING_VERSION = 1.0;
				PRODUCT_BUNDLE_IDENTIFIER = com.ozi.snackoverflow;
				PRODUCT_NAME = "$(TARGET_NAME)";
				SWIFT_EMIT_LOC_STRINGS = YES;
				SWIFT_VERSION = 5.0;
				TARGETED_DEVICE_FAMILY = "1,2";
			};
			name = Release;
		};
/* End XCBuildConfiguration section */

/* Begin XCConfigurationList section */
		21AE51EE2BECC62F00807EEE /* Build configuration list for PBXProject "snackoverflow" */ = {
			isa = XCConfigurationList;
			buildConfigurations = (
				21AE51FF2BECC63000807EEE /* Debug */,
				21AE52002BECC63000807EEE /* Release */,
			);
			defaultConfigurationIsVisible = 0;
			defaultConfigurationName = Release;
		};
		21AE52012BECC63000807EEE /* Build configuration list for PBXNativeTarget "snackoverflow" */ = {
			isa = XCConfigurationList;
			buildConfigurations = (
				21AE52022BECC63000807EEE /* Debug */,
				21AE52032BECC63000807EEE /* Release */,
			);
			defaultConfigurationIsVisible = 0;
			defaultConfigurationName = Release;
		};
/* End XCConfigurationList section */
	};
	rootObject = 21AE51EB2BECC62F00807EEE /* Project object */;
}
